// !$*UTF8*$!
{
	archiveVersion = 1;
	classes = {
	};
	objectVersion = 46;
	objects = {

/* Begin PBXBuildFile section */
		07FB72CF1C9F1F7800B04780 /* Play Filled-50.png in Resources */ = {isa = PBXBuildFile; fileRef = 07FB72CE1C9F1F7800B04780 /* Play Filled-50.png */; };
		07FB72D21C9F232000B04780 /* YCConverterApp.swift in Sources */ = {isa = PBXBuildFile; fileRef = 07FB72D11C9F232000B04780 /* YCConverterApp.swift */; };
		C6042FD01BB88F4B0007608C /* RKPendingOperations.m in Sources */ = {isa = PBXBuildFile; fileRef = C6042FCF1BB88F4B0007608C /* RKPendingOperations.m */; };
		C6042FD31BB8900A0007608C /* RKImageDownloader.m in Sources */ = {isa = PBXBuildFile; fileRef = C6042FD21BB8900A0007608C /* RKImageDownloader.m */; };
		C6042FD61BB8925D0007608C /* RKImageFiltration.m in Sources */ = {isa = PBXBuildFile; fileRef = C6042FD51BB8925D0007608C /* RKImageFiltration.m */; };
		C605E3851BADF52E0012C410 /* AVFoundation.framework in Frameworks */ = {isa = PBXBuildFile; fileRef = C605E3841BADF52E0012C410 /* AVFoundation.framework */; };
		C60D335D1BB4030800323F1B /* VisualizerView.m in Sources */ = {isa = PBXBuildFile; fileRef = C60D335C1BB4030800323F1B /* VisualizerView.m */; };
		C634ECE41BAB5A5F00CF901F /* SandBoxTableViewController.m in Sources */ = {isa = PBXBuildFile; fileRef = C634ECE31BAB5A5F00CF901F /* SandBoxTableViewController.m */; };
		C6630F2D1BB408390023A608 /* sillunu oru kadhal.gif in Resources */ = {isa = PBXBuildFile; fileRef = C6630F2C1BB408390023A608 /* sillunu oru kadhal.gif */; };
		C66B21A61BA910E80038DA8D /* ZPHttpAPIClient.m in Sources */ = {isa = PBXBuildFile; fileRef = C66B21A31BA910E80038DA8D /* ZPHttpAPIClient.m */; };
		C66B21A71BA910E80038DA8D /* ZPHttpClientAF.m in Sources */ = {isa = PBXBuildFile; fileRef = C66B21A51BA910E80038DA8D /* ZPHttpClientAF.m */; };
		C674975E1BB34BD600F04131 /* AudioTableViewCell.m in Sources */ = {isa = PBXBuildFile; fileRef = C674975C1BB34BD600F04131 /* AudioTableViewCell.m */; };
		C674975F1BB34BD600F04131 /* AudioTableViewCell.xib in Resources */ = {isa = PBXBuildFile; fileRef = C674975D1BB34BD600F04131 /* AudioTableViewCell.xib */; };
		C67497621BB34EB400F04131 /* SandBoxMediaModel.m in Sources */ = {isa = PBXBuildFile; fileRef = C67497611BB34EB400F04131 /* SandBoxMediaModel.m */; };
		C68775991BB571E200B58562 /* RKNeworkEngine.m in Sources */ = {isa = PBXBuildFile; fileRef = C68775981BB571E200B58562 /* RKNeworkEngine.m */; };
		C687759C1BB571F500B58562 /* RKNetworkClient.m in Sources */ = {isa = PBXBuildFile; fileRef = C687759B1BB571F500B58562 /* RKNetworkClient.m */; };
		C69114EC1BAB029F00949CB3 /* RootTableViewController.m in Sources */ = {isa = PBXBuildFile; fileRef = C69114EB1BAB029F00949CB3 /* RootTableViewController.m */; };
		C69114EF1BAB044100949CB3 /* DataModel.m in Sources */ = {isa = PBXBuildFile; fileRef = C69114EE1BAB044100949CB3 /* DataModel.m */; };
		C69114F31BAB0C7900949CB3 /* VideoTableViewCell.m in Sources */ = {isa = PBXBuildFile; fileRef = C69114F11BAB0C7900949CB3 /* VideoTableViewCell.m */; };
		C69114F41BAB0C7900949CB3 /* VideoTableViewCell.xib in Resources */ = {isa = PBXBuildFile; fileRef = C69114F21BAB0C7900949CB3 /* VideoTableViewCell.xib */; };
		C69239751BAB293400592136 /* MBProgressHUD.m in Sources */ = {isa = PBXBuildFile; fileRef = C69239741BAB293400592136 /* MBProgressHUD.m */; };
		C692397D1BAB2D7800592136 /* DownloadContentTableViewCell.m in Sources */ = {isa = PBXBuildFile; fileRef = C692397B1BAB2D7800592136 /* DownloadContentTableViewCell.m */; };
		C692397E1BAB2D7800592136 /* DownloadContentTableViewCell.xib in Resources */ = {isa = PBXBuildFile; fileRef = C692397C1BAB2D7800592136 /* DownloadContentTableViewCell.xib */; };
		C69239811BAB2F7000592136 /* DownloadContentViewController.m in Sources */ = {isa = PBXBuildFile; fileRef = C69239801BAB2F7000592136 /* DownloadContentViewController.m */; };
		C69239841BAB352B00592136 /* DownloadDataModel.m in Sources */ = {isa = PBXBuildFile; fileRef = C69239831BAB352B00592136 /* DownloadDataModel.m */; };
		C6989A261BB4026C002906D9 /* QuartzCore.framework in Frameworks */ = {isa = PBXBuildFile; fileRef = C6989A251BB4026C002906D9 /* QuartzCore.framework */; };
		C69FFCBA1BB73B780047A425 /* MediaPlayer.framework in Frameworks */ = {isa = PBXBuildFile; fileRef = C69FFCB91BB73B780047A425 /* MediaPlayer.framework */; };
		C6ACD9831BA8968B00AFA16C /* main.m in Sources */ = {isa = PBXBuildFile; fileRef = C6ACD9821BA8968B00AFA16C /* main.m */; };
		C6ACD9861BA8968B00AFA16C /* AppDelegate.m in Sources */ = {isa = PBXBuildFile; fileRef = C6ACD9851BA8968B00AFA16C /* AppDelegate.m */; };
		C6ACD98C1BA8968B00AFA16C /* Main.storyboard in Resources */ = {isa = PBXBuildFile; fileRef = C6ACD98A1BA8968B00AFA16C /* Main.storyboard */; };
		C6ACD98E1BA8968B00AFA16C /* Assets.xcassets in Resources */ = {isa = PBXBuildFile; fileRef = C6ACD98D1BA8968B00AFA16C /* Assets.xcassets */; };
		C6ACD9911BA8968B00AFA16C /* LaunchScreen.storyboard in Resources */ = {isa = PBXBuildFile; fileRef = C6ACD98F1BA8968B00AFA16C /* LaunchScreen.storyboard */; };
		C6CBAA4D1BB44D81005D8C34 /* CoreMedia.framework in Frameworks */ = {isa = PBXBuildFile; fileRef = C6CBAA4C1BB44D81005D8C34 /* CoreMedia.framework */; };
		C6CBAA511BB4649E005D8C34 /* RKPlayerEngine.m in Sources */ = {isa = PBXBuildFile; fileRef = C6CBAA501BB4649E005D8C34 /* RKPlayerEngine.m */; };
		C6CBAA541BB4689A005D8C34 /* RKPlayerClient.m in Sources */ = {isa = PBXBuildFile; fileRef = C6CBAA531BB4689A005D8C34 /* RKPlayerClient.m */; };
		C6CC26CE1BAC17B800AFAAEA /* default_image.png in Resources */ = {isa = PBXBuildFile; fileRef = C6CC26CD1BAC17B800AFAAEA /* default_image.png */; };
		D6B58F0A5EC3891C550E0D46 /* libPods-YoutubeToAudio.a in Frameworks */ = {isa = PBXBuildFile; fileRef = 06877BAA82464C5A180E3450 /* libPods-YoutubeToAudio.a */; };
/* End PBXBuildFile section */

/* Begin PBXFileReference section */
		042C76D9044BDB133D91CD81 /* Pods-YoutubeToAudio.debug.xcconfig */ = {isa = PBXFileReference; includeInIndex = 1; lastKnownFileType = text.xcconfig; name = "Pods-YoutubeToAudio.debug.xcconfig"; path = "Pods/Target Support Files/Pods-YoutubeToAudio/Pods-YoutubeToAudio.debug.xcconfig"; sourceTree = "<group>"; };
		06877BAA82464C5A180E3450 /* libPods-YoutubeToAudio.a */ = {isa = PBXFileReference; explicitFileType = archive.ar; includeInIndex = 0; path = "libPods-YoutubeToAudio.a"; sourceTree = BUILT_PRODUCTS_DIR; };
		07FB72CE1C9F1F7800B04780 /* Play Filled-50.png */ = {isa = PBXFileReference; lastKnownFileType = image.png; path = "Play Filled-50.png"; sourceTree = "<group>"; };
		07FB72D01C9F231F00B04780 /* YoutubeToAudio-Bridging-Header.h */ = {isa = PBXFileReference; lastKnownFileType = sourcecode.c.h; path = "YoutubeToAudio-Bridging-Header.h"; sourceTree = "<group>"; };
		07FB72D11C9F232000B04780 /* YCConverterApp.swift */ = {isa = PBXFileReference; fileEncoding = 4; lastKnownFileType = sourcecode.swift; path = YCConverterApp.swift; sourceTree = "<group>"; };
		BABB36C00D0B7509FE9ABA8F /* Pods-YoutubeToAudio.release.xcconfig */ = {isa = PBXFileReference; includeInIndex = 1; lastKnownFileType = text.xcconfig; name = "Pods-YoutubeToAudio.release.xcconfig"; path = "Pods/Target Support Files/Pods-YoutubeToAudio/Pods-YoutubeToAudio.release.xcconfig"; sourceTree = "<group>"; };
		C6042FCE1BB88F4B0007608C /* RKPendingOperations.h */ = {isa = PBXFileReference; fileEncoding = 4; lastKnownFileType = sourcecode.c.h; name = RKPendingOperations.h; path = Model/RKPendingOperations.h; sourceTree = "<group>"; };
		C6042FCF1BB88F4B0007608C /* RKPendingOperations.m */ = {isa = PBXFileReference; fileEncoding = 4; lastKnownFileType = sourcecode.c.objc; name = RKPendingOperations.m; path = Model/RKPendingOperations.m; sourceTree = "<group>"; };
		C6042FD11BB8900A0007608C /* RKImageDownloader.h */ = {isa = PBXFileReference; fileEncoding = 4; lastKnownFileType = sourcecode.c.h; name = RKImageDownloader.h; path = "Nework Engine/RKImageDownloader.h"; sourceTree = "<group>"; };
		C6042FD21BB8900A0007608C /* RKImageDownloader.m */ = {isa = PBXFileReference; fileEncoding = 4; lastKnownFileType = sourcecode.c.objc; name = RKImageDownloader.m; path = "Nework Engine/RKImageDownloader.m"; sourceTree = "<group>"; };
		C6042FD41BB8925D0007608C /* RKImageFiltration.h */ = {isa = PBXFileReference; fileEncoding = 4; lastKnownFileType = sourcecode.c.h; name = RKImageFiltration.h; path = "Nework Engine/RKImageFiltration.h"; sourceTree = "<group>"; };
		C6042FD51BB8925D0007608C /* RKImageFiltration.m */ = {isa = PBXFileReference; fileEncoding = 4; lastKnownFileType = sourcecode.c.objc; name = RKImageFiltration.m; path = "Nework Engine/RKImageFiltration.m"; sourceTree = "<group>"; };
		C605E3841BADF52E0012C410 /* AVFoundation.framework */ = {isa = PBXFileReference; lastKnownFileType = wrapper.framework; name = AVFoundation.framework; path = System/Library/Frameworks/AVFoundation.framework; sourceTree = SDKROOT; };
		C60D335B1BB4030800323F1B /* VisualizerView.h */ = {isa = PBXFileReference; fileEncoding = 4; lastKnownFileType = sourcecode.c.h; name = VisualizerView.h; path = CustomTableView/VisualizerView.h; sourceTree = "<group>"; };
		C60D335C1BB4030800323F1B /* VisualizerView.m */ = {isa = PBXFileReference; fileEncoding = 4; lastKnownFileType = sourcecode.c.objc; name = VisualizerView.m; path = CustomTableView/VisualizerView.m; sourceTree = "<group>"; };
		C634ECE21BAB5A5F00CF901F /* SandBoxTableViewController.h */ = {isa = PBXFileReference; fileEncoding = 4; lastKnownFileType = sourcecode.c.h; path = SandBoxTableViewController.h; sourceTree = "<group>"; };
		C634ECE31BAB5A5F00CF901F /* SandBoxTableViewController.m */ = {isa = PBXFileReference; fileEncoding = 4; lastKnownFileType = sourcecode.c.objc; path = SandBoxTableViewController.m; sourceTree = "<group>"; };
		C6630F2C1BB408390023A608 /* sillunu oru kadhal.gif */ = {isa = PBXFileReference; lastKnownFileType = image.gif; path = "sillunu oru kadhal.gif"; sourceTree = "<group>"; };
		C66B21A21BA910E80038DA8D /* ZPHttpAPIClient.h */ = {isa = PBXFileReference; fileEncoding = 4; lastKnownFileType = sourcecode.c.h; path = ZPHttpAPIClient.h; sourceTree = "<group>"; };
		C66B21A31BA910E80038DA8D /* ZPHttpAPIClient.m */ = {isa = PBXFileReference; fileEncoding = 4; lastKnownFileType = sourcecode.c.objc; path = ZPHttpAPIClient.m; sourceTree = "<group>"; };
		C66B21A41BA910E80038DA8D /* ZPHttpClientAF.h */ = {isa = PBXFileReference; fileEncoding = 4; lastKnownFileType = sourcecode.c.h; path = ZPHttpClientAF.h; sourceTree = "<group>"; };
		C66B21A51BA910E80038DA8D /* ZPHttpClientAF.m */ = {isa = PBXFileReference; fileEncoding = 4; lastKnownFileType = sourcecode.c.objc; path = ZPHttpClientAF.m; sourceTree = "<group>"; };
		C674975B1BB34BD600F04131 /* AudioTableViewCell.h */ = {isa = PBXFileReference; fileEncoding = 4; lastKnownFileType = sourcecode.c.h; name = AudioTableViewCell.h; path = CustomTableView/AudioTableViewCell.h; sourceTree = "<group>"; };
		C674975C1BB34BD600F04131 /* AudioTableViewCell.m */ = {isa = PBXFileReference; fileEncoding = 4; lastKnownFileType = sourcecode.c.objc; name = AudioTableViewCell.m; path = CustomTableView/AudioTableViewCell.m; sourceTree = "<group>"; };
		C674975D1BB34BD600F04131 /* AudioTableViewCell.xib */ = {isa = PBXFileReference; fileEncoding = 4; lastKnownFileType = file.xib; name = AudioTableViewCell.xib; path = CustomTableView/AudioTableViewCell.xib; sourceTree = "<group>"; };
		C67497601BB34EB400F04131 /* SandBoxMediaModel.h */ = {isa = PBXFileReference; fileEncoding = 4; lastKnownFileType = sourcecode.c.h; name = SandBoxMediaModel.h; path = Model/SandBoxMediaModel.h; sourceTree = "<group>"; };
		C67497611BB34EB400F04131 /* SandBoxMediaModel.m */ = {isa = PBXFileReference; fileEncoding = 4; lastKnownFileType = sourcecode.c.objc; name = SandBoxMediaModel.m; path = Model/SandBoxMediaModel.m; sourceTree = "<group>"; };
		C68775971BB571E200B58562 /* RKNeworkEngine.h */ = {isa = PBXFileReference; fileEncoding = 4; lastKnownFileType = sourcecode.c.h; name = RKNeworkEngine.h; path = "Nework Engine/RKNeworkEngine.h"; sourceTree = "<group>"; };
		C68775981BB571E200B58562 /* RKNeworkEngine.m */ = {isa = PBXFileReference; fileEncoding = 4; lastKnownFileType = sourcecode.c.objc; name = RKNeworkEngine.m; path = "Nework Engine/RKNeworkEngine.m"; sourceTree = "<group>"; };
		C687759A1BB571F500B58562 /* RKNetworkClient.h */ = {isa = PBXFileReference; fileEncoding = 4; lastKnownFileType = sourcecode.c.h; name = RKNetworkClient.h; path = "Nework Engine/RKNetworkClient.h"; sourceTree = "<group>"; };
		C687759B1BB571F500B58562 /* RKNetworkClient.m */ = {isa = PBXFileReference; fileEncoding = 4; lastKnownFileType = sourcecode.c.objc; name = RKNetworkClient.m; path = "Nework Engine/RKNetworkClient.m"; sourceTree = "<group>"; };
		C69114EA1BAB029F00949CB3 /* RootTableViewController.h */ = {isa = PBXFileReference; fileEncoding = 4; lastKnownFileType = sourcecode.c.h; path = RootTableViewController.h; sourceTree = "<group>"; };
		C69114EB1BAB029F00949CB3 /* RootTableViewController.m */ = {isa = PBXFileReference; fileEncoding = 4; lastKnownFileType = sourcecode.c.objc; path = RootTableViewController.m; sourceTree = "<group>"; };
		C69114ED1BAB044100949CB3 /* DataModel.h */ = {isa = PBXFileReference; fileEncoding = 4; lastKnownFileType = sourcecode.c.h; path = DataModel.h; sourceTree = "<group>"; };
		C69114EE1BAB044100949CB3 /* DataModel.m */ = {isa = PBXFileReference; fileEncoding = 4; lastKnownFileType = sourcecode.c.objc; path = DataModel.m; sourceTree = "<group>"; };
		C69114F01BAB0C7900949CB3 /* VideoTableViewCell.h */ = {isa = PBXFileReference; fileEncoding = 4; lastKnownFileType = sourcecode.c.h; path = VideoTableViewCell.h; sourceTree = "<group>"; };
		C69114F11BAB0C7900949CB3 /* VideoTableViewCell.m */ = {isa = PBXFileReference; fileEncoding = 4; lastKnownFileType = sourcecode.c.objc; path = VideoTableViewCell.m; sourceTree = "<group>"; };
		C69114F21BAB0C7900949CB3 /* VideoTableViewCell.xib */ = {isa = PBXFileReference; fileEncoding = 4; lastKnownFileType = file.xib; path = VideoTableViewCell.xib; sourceTree = "<group>"; };
		C69239731BAB293400592136 /* MBProgressHUD.h */ = {isa = PBXFileReference; fileEncoding = 4; lastKnownFileType = sourcecode.c.h; path = MBProgressHUD.h; sourceTree = "<group>"; };
		C69239741BAB293400592136 /* MBProgressHUD.m */ = {isa = PBXFileReference; fileEncoding = 4; lastKnownFileType = sourcecode.c.objc; path = MBProgressHUD.m; sourceTree = "<group>"; };
		C692397A1BAB2D7800592136 /* DownloadContentTableViewCell.h */ = {isa = PBXFileReference; fileEncoding = 4; lastKnownFileType = sourcecode.c.h; path = DownloadContentTableViewCell.h; sourceTree = "<group>"; };
		C692397B1BAB2D7800592136 /* DownloadContentTableViewCell.m */ = {isa = PBXFileReference; fileEncoding = 4; lastKnownFileType = sourcecode.c.objc; path = DownloadContentTableViewCell.m; sourceTree = "<group>"; };
		C692397C1BAB2D7800592136 /* DownloadContentTableViewCell.xib */ = {isa = PBXFileReference; fileEncoding = 4; lastKnownFileType = file.xib; path = DownloadContentTableViewCell.xib; sourceTree = "<group>"; };
		C692397F1BAB2F7000592136 /* DownloadContentViewController.h */ = {isa = PBXFileReference; fileEncoding = 4; lastKnownFileType = sourcecode.c.h; path = DownloadContentViewController.h; sourceTree = "<group>"; };
		C69239801BAB2F7000592136 /* DownloadContentViewController.m */ = {isa = PBXFileReference; fileEncoding = 4; lastKnownFileType = sourcecode.c.objc; path = DownloadContentViewController.m; sourceTree = "<group>"; };
		C69239821BAB352B00592136 /* DownloadDataModel.h */ = {isa = PBXFileReference; fileEncoding = 4; lastKnownFileType = sourcecode.c.h; path = DownloadDataModel.h; sourceTree = "<group>"; };
		C69239831BAB352B00592136 /* DownloadDataModel.m */ = {isa = PBXFileReference; fileEncoding = 4; lastKnownFileType = sourcecode.c.objc; path = DownloadDataModel.m; sourceTree = "<group>"; };
		C6989A251BB4026C002906D9 /* QuartzCore.framework */ = {isa = PBXFileReference; lastKnownFileType = wrapper.framework; name = QuartzCore.framework; path = System/Library/Frameworks/QuartzCore.framework; sourceTree = SDKROOT; };
		C69FFCB91BB73B780047A425 /* MediaPlayer.framework */ = {isa = PBXFileReference; lastKnownFileType = wrapper.framework; name = MediaPlayer.framework; path = System/Library/Frameworks/MediaPlayer.framework; sourceTree = SDKROOT; };
		C6ACD97E1BA8968B00AFA16C /* YoutubeToAudio.app */ = {isa = PBXFileReference; explicitFileType = wrapper.application; includeInIndex = 0; path = YoutubeToAudio.app; sourceTree = BUILT_PRODUCTS_DIR; };
		C6ACD9821BA8968B00AFA16C /* main.m */ = {isa = PBXFileReference; lastKnownFileType = sourcecode.c.objc; path = main.m; sourceTree = "<group>"; };
		C6ACD9841BA8968B00AFA16C /* AppDelegate.h */ = {isa = PBXFileReference; lastKnownFileType = sourcecode.c.h; path = AppDelegate.h; sourceTree = "<group>"; };
		C6ACD9851BA8968B00AFA16C /* AppDelegate.m */ = {isa = PBXFileReference; lastKnownFileType = sourcecode.c.objc; path = AppDelegate.m; sourceTree = "<group>"; };
		C6ACD98B1BA8968B00AFA16C /* Base */ = {isa = PBXFileReference; lastKnownFileType = file.storyboard; name = Base; path = Base.lproj/Main.storyboard; sourceTree = "<group>"; };
		C6ACD98D1BA8968B00AFA16C /* Assets.xcassets */ = {isa = PBXFileReference; lastKnownFileType = folder.assetcatalog; path = Assets.xcassets; sourceTree = "<group>"; };
		C6ACD9901BA8968B00AFA16C /* Base */ = {isa = PBXFileReference; lastKnownFileType = file.storyboard; name = Base; path = Base.lproj/LaunchScreen.storyboard; sourceTree = "<group>"; };
		C6ACD9921BA8968B00AFA16C /* Info.plist */ = {isa = PBXFileReference; lastKnownFileType = text.plist.xml; path = Info.plist; sourceTree = "<group>"; };
		C6CBAA4C1BB44D81005D8C34 /* CoreMedia.framework */ = {isa = PBXFileReference; lastKnownFileType = wrapper.framework; name = CoreMedia.framework; path = System/Library/Frameworks/CoreMedia.framework; sourceTree = SDKROOT; };
		C6CBAA4F1BB4649E005D8C34 /* RKPlayerEngine.h */ = {isa = PBXFileReference; fileEncoding = 4; lastKnownFileType = sourcecode.c.h; name = RKPlayerEngine.h; path = Player/RKPlayerEngine.h; sourceTree = "<group>"; };
		C6CBAA501BB4649E005D8C34 /* RKPlayerEngine.m */ = {isa = PBXFileReference; fileEncoding = 4; lastKnownFileType = sourcecode.c.objc; name = RKPlayerEngine.m; path = Player/RKPlayerEngine.m; sourceTree = "<group>"; };
		C6CBAA521BB4689A005D8C34 /* RKPlayerClient.h */ = {isa = PBXFileReference; fileEncoding = 4; lastKnownFileType = sourcecode.c.h; name = RKPlayerClient.h; path = Player/RKPlayerClient.h; sourceTree = "<group>"; };
		C6CBAA531BB4689A005D8C34 /* RKPlayerClient.m */ = {isa = PBXFileReference; fileEncoding = 4; lastKnownFileType = sourcecode.c.objc; name = RKPlayerClient.m; path = Player/RKPlayerClient.m; sourceTree = "<group>"; };
		C6CC26CD1BAC17B800AFAAEA /* default_image.png */ = {isa = PBXFileReference; lastKnownFileType = image.png; path = default_image.png; sourceTree = "<group>"; };
/* End PBXFileReference section */

/* Begin PBXFrameworksBuildPhase section */
		C6ACD97B1BA8968B00AFA16C /* Frameworks */ = {
			isa = PBXFrameworksBuildPhase;
			buildActionMask = 2147483647;
			files = (
				C69FFCBA1BB73B780047A425 /* MediaPlayer.framework in Frameworks */,
				C6CBAA4D1BB44D81005D8C34 /* CoreMedia.framework in Frameworks */,
				C6989A261BB4026C002906D9 /* QuartzCore.framework in Frameworks */,
				C605E3851BADF52E0012C410 /* AVFoundation.framework in Frameworks */,
				D6B58F0A5EC3891C550E0D46 /* libPods-YoutubeToAudio.a in Frameworks */,
			);
			runOnlyForDeploymentPostprocessing = 0;
		};
/* End PBXFrameworksBuildPhase section */

/* Begin PBXGroup section */
		0799B5F61BBDE98000C3D071 /* Srikanth - AFNetworking */ = {
			isa = PBXGroup;
			children = (
				C66B21A41BA910E80038DA8D /* ZPHttpClientAF.h */,
				C66B21A51BA910E80038DA8D /* ZPHttpClientAF.m */,
				C66B21A21BA910E80038DA8D /* ZPHttpAPIClient.h */,
				C66B21A31BA910E80038DA8D /* ZPHttpAPIClient.m */,
			);
			name = "Srikanth - AFNetworking";
			sourceTree = "<group>";
		};
		0799B60A1BBE871100C3D071 /* Image Downloader */ = {
			isa = PBXGroup;
			children = (
				C6042FD11BB8900A0007608C /* RKImageDownloader.h */,
				C6042FD21BB8900A0007608C /* RKImageDownloader.m */,
				C6042FD41BB8925D0007608C /* RKImageFiltration.h */,
				C6042FD51BB8925D0007608C /* RKImageFiltration.m */,
				C6042FCE1BB88F4B0007608C /* RKPendingOperations.h */,
				C6042FCF1BB88F4B0007608C /* RKPendingOperations.m */,
			);
			name = "Image Downloader";
			sourceTree = "<group>";
		};
		6E4E7039DAAB379ABE053A36 /* Pods */ = {
			isa = PBXGroup;
			children = (
				042C76D9044BDB133D91CD81 /* Pods-YoutubeToAudio.debug.xcconfig */,
				BABB36C00D0B7509FE9ABA8F /* Pods-YoutubeToAudio.release.xcconfig */,
			);
			name = Pods;
			sourceTree = "<group>";
		};
		7B096787AC5B224F586ACD12 /* Frameworks */ = {
			isa = PBXGroup;
			children = (
				C69FFCB91BB73B780047A425 /* MediaPlayer.framework */,
				C6CBAA4C1BB44D81005D8C34 /* CoreMedia.framework */,
				C6989A251BB4026C002906D9 /* QuartzCore.framework */,
				C605E3841BADF52E0012C410 /* AVFoundation.framework */,
				06877BAA82464C5A180E3450 /* libPods-YoutubeToAudio.a */,
			);
			name = Frameworks;
			sourceTree = "<group>";
		};
		C687F9B01BB5481A003F5684 /* Network Engine */ = {
			isa = PBXGroup;
			children = (
				0799B60A1BBE871100C3D071 /* Image Downloader */,
				0799B5F61BBDE98000C3D071 /* Srikanth - AFNetworking */,
				C68775971BB571E200B58562 /* RKNeworkEngine.h */,
				C68775981BB571E200B58562 /* RKNeworkEngine.m */,
				C687759A1BB571F500B58562 /* RKNetworkClient.h */,
				C687759B1BB571F500B58562 /* RKNetworkClient.m */,
			);
			name = "Network Engine";
			sourceTree = "<group>";
		};
		C69239761BAB293F00592136 /* MBProgress */ = {
			isa = PBXGroup;
			children = (
				C69239731BAB293400592136 /* MBProgressHUD.h */,
				C69239741BAB293400592136 /* MBProgressHUD.m */,
			);
			name = MBProgress;
			sourceTree = "<group>";
		};
		C6ACD9751BA8968B00AFA16C = {
			isa = PBXGroup;
			children = (
				C6ACD9801BA8968B00AFA16C /* YoutubeToAudio */,
				C6ACD97F1BA8968B00AFA16C /* Products */,
				6E4E7039DAAB379ABE053A36 /* Pods */,
				7B096787AC5B224F586ACD12 /* Frameworks */,
			);
			sourceTree = "<group>";
		};
		C6ACD97F1BA8968B00AFA16C /* Products */ = {
			isa = PBXGroup;
			children = (
				C6ACD97E1BA8968B00AFA16C /* YoutubeToAudio.app */,
			);
			name = Products;
			sourceTree = "<group>";
		};
		C6ACD9801BA8968B00AFA16C /* YoutubeToAudio */ = {
			isa = PBXGroup;
			children = (
				C6CBAA4E1BB46462005D8C34 /* Player */,
				C6F0F81F1BB218BB00B5BDA8 /* Image Assets */,
				C6F0F81E1BB2157500B5BDA8 /* Model */,
				C6F0F81D1BB2154E00B5BDA8 /* Custom TableView */,
				C69239761BAB293F00592136 /* MBProgress */,
				C687F9B01BB5481A003F5684 /* Network Engine */,
				C6ACD9841BA8968B00AFA16C /* AppDelegate.h */,
				C6ACD9851BA8968B00AFA16C /* AppDelegate.m */,
				07FB72D11C9F232000B04780 /* YCConverterApp.swift */,
				C6ACD98A1BA8968B00AFA16C /* Main.storyboard */,
				C634ECE21BAB5A5F00CF901F /* SandBoxTableViewController.h */,
				C634ECE31BAB5A5F00CF901F /* SandBoxTableViewController.m */,
				C692397F1BAB2F7000592136 /* DownloadContentViewController.h */,
				C69239801BAB2F7000592136 /* DownloadContentViewController.m */,
				C69114EA1BAB029F00949CB3 /* RootTableViewController.h */,
				C69114EB1BAB029F00949CB3 /* RootTableViewController.m */,
				C6ACD98D1BA8968B00AFA16C /* Assets.xcassets */,
				C6ACD98F1BA8968B00AFA16C /* LaunchScreen.storyboard */,
				C6ACD9921BA8968B00AFA16C /* Info.plist */,
				C6ACD9811BA8968B00AFA16C /* Supporting Files */,
				07FB72D01C9F231F00B04780 /* YoutubeToAudio-Bridging-Header.h */,
			);
			path = YoutubeToAudio;
			sourceTree = "<group>";
		};
		C6ACD9811BA8968B00AFA16C /* Supporting Files */ = {
			isa = PBXGroup;
			children = (
				C6ACD9821BA8968B00AFA16C /* main.m */,
			);
			name = "Supporting Files";
			sourceTree = "<group>";
		};
		C6CBAA4E1BB46462005D8C34 /* Player */ = {
			isa = PBXGroup;
			children = (
				C6CBAA4F1BB4649E005D8C34 /* RKPlayerEngine.h */,
				C6CBAA501BB4649E005D8C34 /* RKPlayerEngine.m */,
				C6CBAA521BB4689A005D8C34 /* RKPlayerClient.h */,
				C6CBAA531BB4689A005D8C34 /* RKPlayerClient.m */,
			);
			name = Player;
			sourceTree = "<group>";
		};
		C6F0F81D1BB2154E00B5BDA8 /* Custom TableView */ = {
			isa = PBXGroup;
			children = (
				C67497601BB34EB400F04131 /* SandBoxMediaModel.h */,
				C67497611BB34EB400F04131 /* SandBoxMediaModel.m */,
				C674975B1BB34BD600F04131 /* AudioTableViewCell.h */,
				C674975C1BB34BD600F04131 /* AudioTableViewCell.m */,
				C674975D1BB34BD600F04131 /* AudioTableViewCell.xib */,
				C60D335B1BB4030800323F1B /* VisualizerView.h */,
				C60D335C1BB4030800323F1B /* VisualizerView.m */,
				C692397A1BAB2D7800592136 /* DownloadContentTableViewCell.h */,
				C692397B1BAB2D7800592136 /* DownloadContentTableViewCell.m */,
				C692397C1BAB2D7800592136 /* DownloadContentTableViewCell.xib */,
				C69114F01BAB0C7900949CB3 /* VideoTableViewCell.h */,
				C69114F11BAB0C7900949CB3 /* VideoTableViewCell.m */,
				C69114F21BAB0C7900949CB3 /* VideoTableViewCell.xib */,
			);
			name = "Custom TableView";
			sourceTree = "<group>";
		};
		C6F0F81E1BB2157500B5BDA8 /* Model */ = {
			isa = PBXGroup;
			children = (
				C6630F2C1BB408390023A608 /* sillunu oru kadhal.gif */,
				C69114ED1BAB044100949CB3 /* DataModel.h */,
				C69114EE1BAB044100949CB3 /* DataModel.m */,
				C69239821BAB352B00592136 /* DownloadDataModel.h */,
				C69239831BAB352B00592136 /* DownloadDataModel.m */,
			);
			name = Model;
			sourceTree = "<group>";
		};
		C6F0F81F1BB218BB00B5BDA8 /* Image Assets */ = {
			isa = PBXGroup;
			children = (
				C6CC26CD1BAC17B800AFAAEA /* default_image.png */,
				07FB72CE1C9F1F7800B04780 /* Play Filled-50.png */,
			);
			name = "Image Assets";
			sourceTree = "<group>";
		};
/* End PBXGroup section */

/* Begin PBXNativeTarget section */
		C6ACD97D1BA8968B00AFA16C /* YoutubeToAudio */ = {
			isa = PBXNativeTarget;
			buildConfigurationList = C6ACD9951BA8968B00AFA16C /* Build configuration list for PBXNativeTarget "YoutubeToAudio" */;
			buildPhases = (
				56E9B1AC5AF1E1AE3E13FF84 /* Check Pods Manifest.lock */,
				C6ACD97A1BA8968B00AFA16C /* Sources */,
				C6ACD97B1BA8968B00AFA16C /* Frameworks */,
				C6ACD97C1BA8968B00AFA16C /* Resources */,
				7C669C307A12D1C0BEDEA938 /* Copy Pods Resources */,
			);
			buildRules = (
			);
			dependencies = (
			);
			name = YoutubeToAudio;
			productName = YoutubeToAudio;
			productReference = C6ACD97E1BA8968B00AFA16C /* YoutubeToAudio.app */;
			productType = "com.apple.product-type.application";
		};
/* End PBXNativeTarget section */

/* Begin PBXProject section */
		C6ACD9761BA8968B00AFA16C /* Project object */ = {
			isa = PBXProject;
			attributes = {
				CLASSPREFIX = RK;
				LastSwiftUpdateCheck = 0720;
				LastUpgradeCheck = 0710;
				ORGANIZATIONNAME = ranjith;
				TargetAttributes = {
					C6ACD97D1BA8968B00AFA16C = {
						CreatedOnToolsVersion = 7.1;
						DevelopmentTeam = 6RD248UBW6;
						SystemCapabilities = {
							com.apple.BackgroundModes = {
								enabled = 1;
							};
							com.apple.InterAppAudio = {
								enabled = 0;
							};
						};
					};
				};
			};
			buildConfigurationList = C6ACD9791BA8968B00AFA16C /* Build configuration list for PBXProject "YoutubeToAudio" */;
			compatibilityVersion = "Xcode 3.2";
			developmentRegion = English;
			hasScannedForEncodings = 0;
			knownRegions = (
				en,
				Base,
			);
			mainGroup = C6ACD9751BA8968B00AFA16C;
			productRefGroup = C6ACD97F1BA8968B00AFA16C /* Products */;
			projectDirPath = "";
			projectRoot = "";
			targets = (
				C6ACD97D1BA8968B00AFA16C /* YoutubeToAudio */,
			);
		};
/* End PBXProject section */

/* Begin PBXResourcesBuildPhase section */
		C6ACD97C1BA8968B00AFA16C /* Resources */ = {
			isa = PBXResourcesBuildPhase;
			buildActionMask = 2147483647;
			files = (
				C6ACD9911BA8968B00AFA16C /* LaunchScreen.storyboard in Resources */,
				C6630F2D1BB408390023A608 /* sillunu oru kadhal.gif in Resources */,
				C692397E1BAB2D7800592136 /* DownloadContentTableViewCell.xib in Resources */,
				C69114F41BAB0C7900949CB3 /* VideoTableViewCell.xib in Resources */,
				C6ACD98E1BA8968B00AFA16C /* Assets.xcassets in Resources */,
				07FB72CF1C9F1F7800B04780 /* Play Filled-50.png in Resources */,
				C6CC26CE1BAC17B800AFAAEA /* default_image.png in Resources */,
				C674975F1BB34BD600F04131 /* AudioTableViewCell.xib in Resources */,
				C6ACD98C1BA8968B00AFA16C /* Main.storyboard in Resources */,
			);
			runOnlyForDeploymentPostprocessing = 0;
		};
/* End PBXResourcesBuildPhase section */

/* Begin PBXShellScriptBuildPhase section */
		56E9B1AC5AF1E1AE3E13FF84 /* Check Pods Manifest.lock */ = {
			isa = PBXShellScriptBuildPhase;
			buildActionMask = 2147483647;
			files = (
			);
			inputPaths = (
			);
			name = "Check Pods Manifest.lock";
			outputPaths = (
			);
			runOnlyForDeploymentPostprocessing = 0;
			shellPath = /bin/sh;
			shellScript = "diff \"${PODS_ROOT}/../Podfile.lock\" \"${PODS_ROOT}/Manifest.lock\" > /dev/null\nif [[ $? != 0 ]] ; then\n    cat << EOM\nerror: The sandbox is not in sync with the Podfile.lock. Run 'pod install' or update your CocoaPods installation.\nEOM\n    exit 1\nfi\n";
			showEnvVarsInLog = 0;
		};
		7C669C307A12D1C0BEDEA938 /* Copy Pods Resources */ = {
			isa = PBXShellScriptBuildPhase;
			buildActionMask = 2147483647;
			files = (
			);
			inputPaths = (
			);
			name = "Copy Pods Resources";
			outputPaths = (
			);
			runOnlyForDeploymentPostprocessing = 0;
			shellPath = /bin/sh;
			shellScript = "\"${SRCROOT}/Pods/Target Support Files/Pods-YoutubeToAudio/Pods-YoutubeToAudio-resources.sh\"\n";
			showEnvVarsInLog = 0;
		};
/* End PBXShellScriptBuildPhase section */

/* Begin PBXSourcesBuildPhase section */
		C6ACD97A1BA8968B00AFA16C /* Sources */ = {
			isa = PBXSourcesBuildPhase;
			buildActionMask = 2147483647;
			files = (
				C6042FD61BB8925D0007608C /* RKImageFiltration.m in Sources */,
				C69114F31BAB0C7900949CB3 /* VideoTableViewCell.m in Sources */,
				C6ACD9861BA8968B00AFA16C /* AppDelegate.m in Sources */,
				C67497621BB34EB400F04131 /* SandBoxMediaModel.m in Sources */,
				C6ACD9831BA8968B00AFA16C /* main.m in Sources */,
				C674975E1BB34BD600F04131 /* AudioTableViewCell.m in Sources */,
				C69239751BAB293400592136 /* MBProgressHUD.m in Sources */,
				C68775991BB571E200B58562 /* RKNeworkEngine.m in Sources */,
				C69239841BAB352B00592136 /* DownloadDataModel.m in Sources */,
				C634ECE41BAB5A5F00CF901F /* SandBoxTableViewController.m in Sources */,
				C69114EC1BAB029F00949CB3 /* RootTableViewController.m in Sources */,
				C69114EF1BAB044100949CB3 /* DataModel.m in Sources */,
				C692397D1BAB2D7800592136 /* DownloadContentTableViewCell.m in Sources */,
				C6042FD01BB88F4B0007608C /* RKPendingOperations.m in Sources */,
				C6CBAA511BB4649E005D8C34 /* RKPlayerEngine.m in Sources */,
				07FB72D21C9F232000B04780 /* YCConverterApp.swift in Sources */,
				C66B21A61BA910E80038DA8D /* ZPHttpAPIClient.m in Sources */,
				C69239811BAB2F7000592136 /* DownloadContentViewController.m in Sources */,
				C6CBAA541BB4689A005D8C34 /* RKPlayerClient.m in Sources */,
				C66B21A71BA910E80038DA8D /* ZPHttpClientAF.m in Sources */,
				C60D335D1BB4030800323F1B /* VisualizerView.m in Sources */,
				C687759C1BB571F500B58562 /* RKNetworkClient.m in Sources */,
				C6042FD31BB8900A0007608C /* RKImageDownloader.m in Sources */,
			);
			runOnlyForDeploymentPostprocessing = 0;
		};
/* End PBXSourcesBuildPhase section */

/* Begin PBXVariantGroup section */
		C6ACD98A1BA8968B00AFA16C /* Main.storyboard */ = {
			isa = PBXVariantGroup;
			children = (
				C6ACD98B1BA8968B00AFA16C /* Base */,
			);
			name = Main.storyboard;
			sourceTree = "<group>";
		};
		C6ACD98F1BA8968B00AFA16C /* LaunchScreen.storyboard */ = {
			isa = PBXVariantGroup;
			children = (
				C6ACD9901BA8968B00AFA16C /* Base */,
			);
			name = LaunchScreen.storyboard;
			sourceTree = "<group>";
		};
/* End PBXVariantGroup section */

/* Begin XCBuildConfiguration section */
		C6ACD9931BA8968B00AFA16C /* Debug */ = {
			isa = XCBuildConfiguration;
			buildSettings = {
				ALWAYS_SEARCH_USER_PATHS = NO;
				CLANG_CXX_LANGUAGE_STANDARD = "gnu++0x";
				CLANG_CXX_LIBRARY = "libc++";
				CLANG_ENABLE_MODULES = YES;
				CLANG_ENABLE_OBJC_ARC = YES;
				CLANG_WARN_BOOL_CONVERSION = YES;
				CLANG_WARN_CONSTANT_CONVERSION = YES;
				CLANG_WARN_DIRECT_OBJC_ISA_USAGE = YES_ERROR;
				CLANG_WARN_EMPTY_BODY = YES;
				CLANG_WARN_ENUM_CONVERSION = YES;
				CLANG_WARN_INT_CONVERSION = YES;
				CLANG_WARN_OBJC_ROOT_CLASS = YES_ERROR;
				CLANG_WARN_UNREACHABLE_CODE = YES;
				CLANG_WARN__DUPLICATE_METHOD_MATCH = YES;
				"CODE_SIGN_IDENTITY[sdk=iphoneos*]" = "iPhone Developer";
				COPY_PHASE_STRIP = NO;
				DEBUG_INFORMATION_FORMAT = dwarf;
				ENABLE_STRICT_OBJC_MSGSEND = YES;
				ENABLE_TESTABILITY = YES;
				GCC_C_LANGUAGE_STANDARD = gnu99;
				GCC_DYNAMIC_NO_PIC = NO;
				GCC_NO_COMMON_BLOCKS = YES;
				GCC_OPTIMIZATION_LEVEL = 0;
				GCC_PREPROCESSOR_DEFINITIONS = (
					"DEBUG=1",
					"$(inherited)",
				);
				GCC_WARN_64_TO_32_BIT_CONVERSION = YES;
				GCC_WARN_ABOUT_RETURN_TYPE = YES_ERROR;
				GCC_WARN_UNDECLARED_SELECTOR = YES;
				GCC_WARN_UNINITIALIZED_AUTOS = YES_AGGRESSIVE;
				GCC_WARN_UNUSED_FUNCTION = YES;
				GCC_WARN_UNUSED_VARIABLE = YES;
				IPHONEOS_DEPLOYMENT_TARGET = 7.0;
				MTL_ENABLE_DEBUG_INFO = YES;
				ONLY_ACTIVE_ARCH = YES;
				SDKROOT = iphoneos;
			};
			name = Debug;
		};
		C6ACD9941BA8968B00AFA16C /* Release */ = {
			isa = XCBuildConfiguration;
			buildSettings = {
				ALWAYS_SEARCH_USER_PATHS = NO;
				CLANG_CXX_LANGUAGE_STANDARD = "gnu++0x";
				CLANG_CXX_LIBRARY = "libc++";
				CLANG_ENABLE_MODULES = YES;
				CLANG_ENABLE_OBJC_ARC = YES;
				CLANG_WARN_BOOL_CONVERSION = YES;
				CLANG_WARN_CONSTANT_CONVERSION = YES;
				CLANG_WARN_DIRECT_OBJC_ISA_USAGE = YES_ERROR;
				CLANG_WARN_EMPTY_BODY = YES;
				CLANG_WARN_ENUM_CONVERSION = YES;
				CLANG_WARN_INT_CONVERSION = YES;
				CLANG_WARN_OBJC_ROOT_CLASS = YES_ERROR;
				CLANG_WARN_UNREACHABLE_CODE = YES;
				CLANG_WARN__DUPLICATE_METHOD_MATCH = YES;
				"CODE_SIGN_IDENTITY[sdk=iphoneos*]" = "iPhone Developer";
				COPY_PHASE_STRIP = NO;
				DEBUG_INFORMATION_FORMAT = "dwarf-with-dsym";
				ENABLE_NS_ASSERTIONS = NO;
				ENABLE_STRICT_OBJC_MSGSEND = YES;
				GCC_C_LANGUAGE_STANDARD = gnu99;
				GCC_NO_COMMON_BLOCKS = YES;
				GCC_WARN_64_TO_32_BIT_CONVERSION = YES;
				GCC_WARN_ABOUT_RETURN_TYPE = YES_ERROR;
				GCC_WARN_UNDECLARED_SELECTOR = YES;
				GCC_WARN_UNINITIALIZED_AUTOS = YES_AGGRESSIVE;
				GCC_WARN_UNUSED_FUNCTION = YES;
				GCC_WARN_UNUSED_VARIABLE = YES;
				IPHONEOS_DEPLOYMENT_TARGET = 7.0;
				MTL_ENABLE_DEBUG_INFO = NO;
				SDKROOT = iphoneos;
				VALIDATE_PRODUCT = YES;
			};
			name = Release;
		};
		C6ACD9961BA8968B00AFA16C /* Debug */ = {
			isa = XCBuildConfiguration;
			baseConfigurationReference = 042C76D9044BDB133D91CD81 /* Pods-YoutubeToAudio.debug.xcconfig */;
			buildSettings = {
				ASSETCATALOG_COMPILER_APPICON_NAME = AppIcon;
				ASSETCATALOG_COMPILER_LAUNCHIMAGE_NAME = LaunchImage;
				CLANG_ENABLE_MODULES = YES;
				CODE_SIGN_IDENTITY = "iPhone Developer";
				"CODE_SIGN_IDENTITY[sdk=iphoneos*]" = "iPhone Developer";
				DEFINES_MODULE = YES;
				EMBEDDED_CONTENT_CONTAINS_SWIFT = YES;
				INFOPLIST_FILE = YoutubeToAudio/Info.plist;
				IPHONEOS_DEPLOYMENT_TARGET = 7.0;
				LD_RUNPATH_SEARCH_PATHS = "$(inherited) @executable_path/Frameworks";
				PRODUCT_BUNDLE_IDENTIFIER = come.mediamint.YoutubeToAudio;
				PRODUCT_NAME = "$(TARGET_NAME)";
				PROVISIONING_PROFILE = "";
				SWIFT_OBJC_BRIDGING_HEADER = "YoutubeToAudio/YoutubeToAudio-Bridging-Header.h";
				SWIFT_OPTIMIZATION_LEVEL = "-Onone";
			};
			name = Debug;
		};
		C6ACD9971BA8968B00AFA16C /* Release */ = {
			isa = XCBuildConfiguration;
			baseConfigurationReference = BABB36C00D0B7509FE9ABA8F /* Pods-YoutubeToAudio.release.xcconfig */;
			buildSettings = {
				ASSETCATALOG_COMPILER_APPICON_NAME = AppIcon;
				ASSETCATALOG_COMPILER_LAUNCHIMAGE_NAME = LaunchImage;
				CLANG_ENABLE_MODULES = YES;
				CODE_SIGN_IDENTITY = "iPhone Developer";
				"CODE_SIGN_IDENTITY[sdk=iphoneos*]" = "iPhone Developer";
				DEFINES_MODULE = YES;
				EMBEDDED_CONTENT_CONTAINS_SWIFT = YES;
				INFOPLIST_FILE = YoutubeToAudio/Info.plist;
				IPHONEOS_DEPLOYMENT_TARGET = 7.0;
				LD_RUNPATH_SEARCH_PATHS = "$(inherited) @executable_path/Frameworks";
				PRODUCT_BUNDLE_IDENTIFIER = come.mediamint.YoutubeToAudio;
				PRODUCT_NAME = "$(TARGET_NAME)";
				PROVISIONING_PROFILE = "";
				SWIFT_OBJC_BRIDGING_HEADER = "YoutubeToAudio/YoutubeToAudio-Bridging-Header.h";
			};
			name = Release;
		};
/* End XCBuildConfiguration section */

/* Begin XCConfigurationList section */
		C6ACD9791BA8968B00AFA16C /* Build configuration list for PBXProject "YoutubeToAudio" */ = {
			isa = XCConfigurationList;
			buildConfigurations = (
				C6ACD9931BA8968B00AFA16C /* Debug */,
				C6ACD9941BA8968B00AFA16C /* Release */,
			);
			defaultConfigurationIsVisible = 0;
			defaultConfigurationName = Release;
		};
		C6ACD9951BA8968B00AFA16C /* Build configuration list for PBXNativeTarget "YoutubeToAudio" */ = {
			isa = XCConfigurationList;
			buildConfigurations = (
				C6ACD9961BA8968B00AFA16C /* Debug */,
				C6ACD9971BA8968B00AFA16C /* Release */,
			);
			defaultConfigurationIsVisible = 0;
			defaultConfigurationName = Release;
		};
/* End XCConfigurationList section */
	};
	rootObject = C6ACD9761BA8968B00AFA16C /* Project object */;
}
