// !$*UTF8*$!
{
	archiveVersion = 1;
	classes = {
	};
	objectVersion = 46;
	objects = {

/* Begin PBXBuildFile section */
		C6ACD9831BA8968B00AFA16C /* main.m in Sources */ = {isa = PBXBuildFile; fileRef = C6ACD9821BA8968B00AFA16C /* main.m */; };
		C6ACD9861BA8968B00AFA16C /* AppDelegate.m in Sources */ = {isa = PBXBuildFile; fileRef = C6ACD9851BA8968B00AFA16C /* AppDelegate.m */; };
		C6ACD9891BA8968B00AFA16C /* ViewController.m in Sources */ = {isa = PBXBuildFile; fileRef = C6ACD9881BA8968B00AFA16C /* ViewController.m */; };
		C6ACD98C1BA8968B00AFA16C /* Main.storyboard in Resources */ = {isa = PBXBuildFile; fileRef = C6ACD98A1BA8968B00AFA16C /* Main.storyboard */; };
		C6ACD98E1BA8968B00AFA16C /* Assets.xcassets in Resources */ = {isa = PBXBuildFile; fileRef = C6ACD98D1BA8968B00AFA16C /* Assets.xcassets */; };
		C6ACD9911BA8968B00AFA16C /* LaunchScreen.storyboard in Resources */ = {isa = PBXBuildFile; fileRef = C6ACD98F1BA8968B00AFA16C /* LaunchScreen.storyboard */; };
/* End PBXBuildFile section */

/* Begin PBXFileReference section */
		C6ACD97E1BA8968B00AFA16C /* YoutubeToAudio.app */ = {isa = PBXFileReference; explicitFileType = wrapper.application; includeInIndex = 0; path = YoutubeToAudio.app; sourceTree = BUILT_PRODUCTS_DIR; };
		C6ACD9821BA8968B00AFA16C /* main.m */ = {isa = PBXFileReference; lastKnownFileType = sourcecode.c.objc; path = main.m; sourceTree = "<group>"; };
		C6ACD9841BA8968B00AFA16C /* AppDelegate.h */ = {isa = PBXFileReference; lastKnownFileType = sourcecode.c.h; path = AppDelegate.h; sourceTree = "<group>"; };
		C6ACD9851BA8968B00AFA16C /* AppDelegate.m */ = {isa = PBXFileReference; lastKnownFileType = sourcecode.c.objc; path = AppDelegate.m; sourceTree = "<group>"; };
		C6ACD9871BA8968B00AFA16C /* ViewController.h */ = {isa = PBXFileReference; lastKnownFileType = sourcecode.c.h; path = ViewController.h; sourceTree = "<group>"; };
		C6ACD9881BA8968B00AFA16C /* ViewController.m */ = {isa = PBXFileReference; lastKnownFileType = sourcecode.c.objc; path = ViewController.m; sourceTree = "<group>"; };
		C6ACD98B1BA8968B00AFA16C /* Base */ = {isa = PBXFileReference; lastKnownFileType = file.storyboard; name = Base; path = Base.lproj/Main.storyboard; sourceTree = "<group>"; };
		C6ACD98D1BA8968B00AFA16C /* Assets.xcassets */ = {isa = PBXFileReference; lastKnownFileType = folder.assetcatalog; path = Assets.xcassets; sourceTree = "<group>"; };
		C6ACD9901BA8968B00AFA16C /* Base */ = {isa = PBXFileReference; lastKnownFileType = file.storyboard; name = Base; path = Base.lproj/LaunchScreen.storyboard; sourceTree = "<group>"; };
		C6ACD9921BA8968B00AFA16C /* Info.plist */ = {isa = PBXFileReference; lastKnownFileType = text.plist.xml; path = Info.plist; sourceTree = "<group>"; };
/* End PBXFileReference section */

/* Begin PBXFrameworksBuildPhase section */
		C6ACD97B1BA8968B00AFA16C /* Frameworks */ = {
			isa = PBXFrameworksBuildPhase;
			buildActionMask = 2147483647;
			files = (
			);
			runOnlyForDeploymentPostprocessing = 0;
		};
/* End PBXFrameworksBuildPhase section */

/* Begin PBXGroup section */
		C6ACD9751BA8968B00AFA16C = {
			isa = PBXGroup;
			children = (
				C6ACD9801BA8968B00AFA16C /* YoutubeToAudio */,
				C6ACD97F1BA8968B00AFA16C /* Products */,
			);
			sourceTree = "<group>";
		};
		C6ACD97F1BA8968B00AFA16C /* Products */ = {
			isa = PBXGroup;
			children = (
				C6ACD97E1BA8968B00AFA16C /* YoutubeToAudio.app */,
			);
			name = Products;
			sourceTree = "<group>";
		};
		C6ACD9801BA8968B00AFA16C /* YoutubeToAudio */ = {
			isa = PBXGroup;
			children = (
				C6ACD9841BA8968B00AFA16C /* AppDelegate.h */,
				C6ACD9851BA8968B00AFA16C /* AppDelegate.m */,
				C6ACD9871BA8968B00AFA16C /* ViewController.h */,
				C6ACD9881BA8968B00AFA16C /* ViewController.m */,
				C6ACD98A1BA8968B00AFA16C /* Main.storyboard */,
				C6ACD98D1BA8968B00AFA16C /* Assets.xcassets */,
				C6ACD98F1BA8968B00AFA16C /* LaunchScreen.storyboard */,
				C6ACD9921BA8968B00AFA16C /* Info.plist */,
				C6ACD9811BA8968B00AFA16C /* Supporting Files */,
			);
			path = YoutubeToAudio;
			sourceTree = "<group>";
		};
		C6ACD9811BA8968B00AFA16C /* Supporting Files */ = {
			isa = PBXGroup;
			children = (
				C6ACD9821BA8968B00AFA16C /* main.m */,
			);
			name = "Supporting Files";
			sourceTree = "<group>";
		};
/* End PBXGroup section */

/* Begin PBXNativeTarget section */
		C6ACD97D1BA8968B00AFA16C /* YoutubeToAudio */ = {
			isa = PBXNativeTarget;
			buildConfigurationList = C6ACD9951BA8968B00AFA16C /* Build configuration list for PBXNativeTarget "YoutubeToAudio" */;
			buildPhases = (
				C6ACD97A1BA8968B00AFA16C /* Sources */,
				C6ACD97B1BA8968B00AFA16C /* Frameworks */,
				C6ACD97C1BA8968B00AFA16C /* Resources */,
			);
			buildRules = (
			);
			dependencies = (
			);
			name = YoutubeToAudio;
			productName = YoutubeToAudio;
			productReference = C6ACD97E1BA8968B00AFA16C /* YoutubeToAudio.app */;
			productType = "com.apple.product-type.application";
		};
/* End PBXNativeTarget section */

/* Begin PBXProject section */
		C6ACD9761BA8968B00AFA16C /* Project object */ = {
			isa = PBXProject;
			attributes = {
				LastUpgradeCheck = 0710;
				ORGANIZATIONNAME = ranjith;
				TargetAttributes = {
					C6ACD97D1BA8968B00AFA16C = {
						CreatedOnToolsVersion = 7.1;
					};
				};
			};
			buildConfigurationList = C6ACD9791BA8968B00AFA16C /* Build configuration list for PBXProject "YoutubeToAudio" */;
			compatibilityVersion = "Xcode 3.2";
			developmentRegion = English;
			hasScannedForEncodings = 0;
			knownRegions = (
				en,
				Base,
			);
			mainGroup = C6ACD9751BA8968B00AFA16C;
			productRefGroup = C6ACD97F1BA8968B00AFA16C /* Products */;
			projectDirPath = "";
			projectRoot = "";
			targets = (
				C6ACD97D1BA8968B00AFA16C /* YoutubeToAudio */,
			);
		};
/* End PBXProject section */

/* Begin PBXResourcesBuildPhase section */
		C6ACD97C1BA8968B00AFA16C /* Resources */ = {
			isa = PBXResourcesBuildPhase;
			buildActionMask = 2147483647;
			files = (
				C6ACD9911BA8968B00AFA16C /* LaunchScreen.storyboard in Resources */,
				C6ACD98E1BA8968B00AFA16C /* Assets.xcassets in Resources */,
				C6ACD98C1BA8968B00AFA16C /* Main.storyboard in Resources */,
			);
			runOnlyForDeploymentPostprocessing = 0;
		};
/* End PBXResourcesBuildPhase section */

/* Begin PBXSourcesBuildPhase section */
		C6ACD97A1BA8968B00AFA16C /* Sources */ = {
			isa = PBXSourcesBuildPhase;
			buildActionMask = 2147483647;
			files = (
				C6ACD9891BA8968B00AFA16C /* ViewController.m in Sources */,
				C6ACD9861BA8968B00AFA16C /* AppDelegate.m in Sources */,
				C6ACD9831BA8968B00AFA16C /* main.m in Sources */,
			);
			runOnlyForDeploymentPostprocessing = 0;
		};
/* End PBXSourcesBuildPhase section */

/* Begin PBXVariantGroup section */
		C6ACD98A1BA8968B00AFA16C /* Main.storyboard */ = {
			isa = PBXVariantGroup;
			children = (
				C6ACD98B1BA8968B00AFA16C /* Base */,
			);
			name = Main.storyboard;
			sourceTree = "<group>";
		};
		C6ACD98F1BA8968B00AFA16C /* LaunchScreen.storyboard */ = {
			isa = PBXVariantGroup;
			children = (
				C6ACD9901BA8968B00AFA16C /* Base */,
			);
			name = LaunchScreen.storyboard;
			sourceTree = "<group>";
		};
/* End PBXVariantGroup section */

/* Begin XCBuildConfiguration section */
		C6ACD9931BA8968B00AFA16C /* Debug */ = {
			isa = XCBuildConfiguration;
			buildSettings = {
				ALWAYS_SEARCH_USER_PATHS = NO;
				CLANG_CXX_LANGUAGE_STANDARD = "gnu++0x";
				CLANG_CXX_LIBRARY = "libc++";
				CLANG_ENABLE_MODULES = YES;
				CLANG_ENABLE_OBJC_ARC = YES;
				CLANG_WARN_BOOL_CONVERSION = YES;
				CLANG_WARN_CONSTANT_CONVERSION = YES;
				CLANG_WARN_DIRECT_OBJC_ISA_USAGE = YES_ERROR;
				CLANG_WARN_EMPTY_BODY = YES;
				CLANG_WARN_ENUM_CONVERSION = YES;
				CLANG_WARN_INT_CONVERSION = YES;
				CLANG_WARN_OBJC_ROOT_CLASS = YES_ERROR;
				CLANG_WARN_UNREACHABLE_CODE = YES;
				CLANG_WARN__DUPLICATE_METHOD_MATCH = YES;
				"CODE_SIGN_IDENTITY[sdk=iphoneos*]" = "iPhone Developer";
				COPY_PHASE_STRIP = NO;
				DEBUG_INFORMATION_FORMAT = dwarf;
				ENABLE_STRICT_OBJC_MSGSEND = YES;
				ENABLE_TESTABILITY = YES;
				GCC_C_LANGUAGE_STANDARD = gnu99;
				GCC_DYNAMIC_NO_PIC = NO;
				GCC_NO_COMMON_BLOCKS = YES;
				GCC_OPTIMIZATION_LEVEL = 0;
				GCC_PREPROCESSOR_DEFINITIONS = (
					"DEBUG=1",
					"$(inherited)",
				);
				GCC_WARN_64_TO_32_BIT_CONVERSION = YES;
				GCC_WARN_ABOUT_RETURN_TYPE = YES_ERROR;
				GCC_WARN_UNDECLARED_SELECTOR = YES;
				GCC_WARN_UNINITIALIZED_AUTOS = YES_AGGRESSIVE;
				GCC_WARN_UNUSED_FUNCTION = YES;
				GCC_WARN_UNUSED_VARIABLE = YES;
				IPHONEOS_DEPLOYMENT_TARGET = 9.1;
				MTL_ENABLE_DEBUG_INFO = YES;
				ONLY_ACTIVE_ARCH = YES;
				SDKROOT = iphoneos;
			};
			name = Debug;
		};
		C6ACD9941BA8968B00AFA16C /* Release */ = {
			isa = XCBuildConfiguration;
			buildSettings = {
				ALWAYS_SEARCH_USER_PATHS = NO;
				CLANG_CXX_LANGUAGE_STANDARD = "gnu++0x";
				CLANG_CXX_LIBRARY = "libc++";
				CLANG_ENABLE_MODULES = YES;
				CLANG_ENABLE_OBJC_ARC = YES;
				CLANG_WARN_BOOL_CONVERSION = YES;
				CLANG_WARN_CONSTANT_CONVERSION = YES;
				CLANG_WARN_DIRECT_OBJC_ISA_USAGE = YES_ERROR;
				CLANG_WARN_EMPTY_BODY = YES;
				CLANG_WARN_ENUM_CONVERSION = YES;
				CLANG_WARN_INT_CONVERSION = YES;
				CLANG_WARN_OBJC_ROOT_CLASS = YES_ERROR;
				CLANG_WARN_UNREACHABLE_CODE = YES;
				CLANG_WARN__DUPLICATE_METHOD_MATCH = YES;
				"CODE_SIGN_IDENTITY[sdk=iphoneos*]" = "iPhone Developer";
				COPY_PHASE_STRIP = NO;
				DEBUG_INFORMATION_FORMAT = "dwarf-with-dsym";
				ENABLE_NS_ASSERTIONS = NO;
				ENABLE_STRICT_OBJC_MSGSEND = YES;
				GCC_C_LANGUAGE_STANDARD = gnu99;
				GCC_NO_COMMON_BLOCKS = YES;
				GCC_WARN_64_TO_32_BIT_CONVERSION = YES;
				GCC_WARN_ABOUT_RETURN_TYPE = YES_ERROR;
				GCC_WARN_UNDECLARED_SELECTOR = YES;
				GCC_WARN_UNINITIALIZED_AUTOS = YES_AGGRESSIVE;
				GCC_WARN_UNUSED_FUNCTION = YES;
				GCC_WARN_UNUSED_VARIABLE = YES;
				IPHONEOS_DEPLOYMENT_TARGET = 9.1;
				MTL_ENABLE_DEBUG_INFO = NO;
				SDKROOT = iphoneos;
				VALIDATE_PRODUCT = YES;
			};
			name = Release;
		};
		C6ACD9961BA8968B00AFA16C /* Debug */ = {
			isa = XCBuildConfiguration;
			buildSettings = {
				ASSETCATALOG_COMPILER_APPICON_NAME = AppIcon;
				INFOPLIST_FILE = YoutubeToAudio/Info.plist;
				LD_RUNPATH_SEARCH_PATHS = "$(inherited) @executable_path/Frameworks";
				PRODUCT_BUNDLE_IDENTIFIER = come.mediamint.YoutubeToAudio;
				PRODUCT_NAME = "$(TARGET_NAME)";
			};
			name = Debug;
		};
		C6ACD9971BA8968B00AFA16C /* Release */ = {
			isa = XCBuildConfiguration;
			buildSettings = {
				ASSETCATALOG_COMPILER_APPICON_NAME = AppIcon;
				INFOPLIST_FILE = YoutubeToAudio/Info.plist;
				LD_RUNPATH_SEARCH_PATHS = "$(inherited) @executable_path/Frameworks";
				PRODUCT_BUNDLE_IDENTIFIER = come.mediamint.YoutubeToAudio;
				PRODUCT_NAME = "$(TARGET_NAME)";
			};
			name = Release;
		};
/* End XCBuildConfiguration section */

/* Begin XCConfigurationList section */
		C6ACD9791BA8968B00AFA16C /* Build configuration list for PBXProject "YoutubeToAudio" */ = {
			isa = XCConfigurationList;
			buildConfigurations = (
				C6ACD9931BA8968B00AFA16C /* Debug */,
				C6ACD9941BA8968B00AFA16C /* Release */,
			);
			defaultConfigurationIsVisible = 0;
			defaultConfigurationName = Release;
		};
		C6ACD9951BA8968B00AFA16C /* Build configuration list for PBXNativeTarget "YoutubeToAudio" */ = {
			isa = XCConfigurationList;
			buildConfigurations = (
				C6ACD9961BA8968B00AFA16C /* Debug */,
				C6ACD9971BA8968B00AFA16C /* Release */,
			);
			defaultConfigurationIsVisible = 0;
		};
/* End XCConfigurationList section */
	};
	rootObject = C6ACD9761BA8968B00AFA16C /* Project object */;
}
